
Microsoft Visual Studio Solution File, Format Version 12.00
# Visual Studio Version 17
VisualStudioVersion = 17.3.32929.385
MinimumVisualStudioVersion = 10.0.40219.1
Project("{9A19103F-16F7-4668-BE54-9A1E7A4F7556}") = "TriDeNombre_avecTableau", "TriDeNombre_avecTableau\TriDeNombre_avecTableau.csproj", "{97490F67-E8FA-4A3B-864C-E2D5C20DBEA3}"
EndProject
Project("{2150E333-8FDC-42A3-9474-1A3956D46DE8}") = "Éléments de solution", "Éléments de solution", "{866CA942-35BA-4418-9968-116C4BD393AE}"
	ProjectSection(SolutionItems) = preProject
		MaBibliothèque.cs = MaBibliothèque.cs
	EndProjectSection
EndProject
Global
	GlobalSection(SolutionConfigurationPlatforms) = preSolution
		Debug|Any CPU = Debug|Any CPU
		Release|Any CPU = Release|Any CPU
	EndGlobalSection
	GlobalSection(ProjectConfigurationPlatforms) = postSolution
		{97490F67-E8FA-4A3B-864C-E2D5C20DBEA3}.Debug|Any CPU.ActiveCfg = Debug|Any CPU
		{97490F67-E8FA-4A3B-864C-E2D5C20DBEA3}.Debug|Any CPU.Build.0 = Debug|Any CPU
		{97490F67-E8FA-4A3B-864C-E2D5C20DBEA3}.Release|Any CPU.ActiveCfg = Release|Any CPU
		{97490F67-E8FA-4A3B-864C-E2D5C20DBEA3}.Release|Any CPU.Build.0 = Release|Any CPU
	EndGlobalSection
	GlobalSection(SolutionProperties) = preSolution
		HideSolutionNode = FALSE
	EndGlobalSection
	GlobalSection(ExtensibilityGlobals) = postSolution
		SolutionGuid = {6417F1D8-CA45-418E-A81A-F878B3723250}
	EndGlobalSection
EndGlobal
